
Microsoft Visual Studio Solution File, Format Version 12.00
# Visual Studio Version 17
VisualStudioVersion = 17.7.34202.233
MinimumVisualStudioVersion = 10.0.40219.1
Project("{9A19103F-16F7-4668-BE54-9A1E7A4F7556}") = "Contacts.Maui", "Contacts.Maui\Contacts.Maui.csproj", "{DFB75970-0CAD-45A0-96E2-17FD8BBE9439}"
EndProject
Project("{9A19103F-16F7-4668-BE54-9A1E7A4F7556}") = "Contacts.CoreBusiness", "Contacts.CoreBusiness\Contacts.CoreBusiness.csproj", "{4548C806-3AED-4834-A72C-978AF9A488F1}"
EndProject
Project("{9A19103F-16F7-4668-BE54-9A1E7A4F7556}") = "Contacts.UseCases", "Contacts.UseCases\Contacts.UseCases.csproj", "{E5891E5A-E7F1-475E-AF22-A4E116E68DC1}"
EndProject
Project("{2150E333-8FDC-42A3-9474-1A3956D46DE8}") = "Plugins", "Plugins", "{B2A9D831-A558-44DB-BAA0-C21ADD2F676A}"
EndProject
Project("{9A19103F-16F7-4668-BE54-9A1E7A4F7556}") = "Contacts.Plugins.DataStore.InMemory", "Plugins\Contacts.Plugins.DataStore.InMemory\Contacts.Plugins.DataStore.InMemory.csproj", "{1BE046DD-7D67-4BA8-91E1-76C7BA0BC9DA}"
EndProject
Project("{9A19103F-16F7-4668-BE54-9A1E7A4F7556}") = "Contacts.Plugins.DataStore.SQLite", "Plugins\Contacts.Plugins.DataStore.SQLite\Contacts.Plugins.DataStore.SQLite.csproj", "{0B545915-9337-4DF7-A149-A09EBA73C953}"
EndProject
Project("{FAE04EC0-301F-11D3-BF4B-00C04F79EFBC}") = "Contacts.WebApi", "Contacts.WebApi\Contacts.WebApi.csproj", "{5CF22B68-8CD7-4391-8F4C-DEAA6F1B335B}"
EndProject
Project("{FAE04EC0-301F-11D3-BF4B-00C04F79EFBC}") = "Contacts.Plugins.DataStore.WebApi", "Plugins\Contacts.Plugins.DataStore.WebApi\Contacts.Plugins.DataStore.WebApi.csproj", "{A2138762-A37C-4F90-89B3-07DFA4FFBC52}"
EndProject
Global
	GlobalSection(SolutionConfigurationPlatforms) = preSolution
		Debug|Any CPU = Debug|Any CPU
		Release|Any CPU = Release|Any CPU
	EndGlobalSection
	GlobalSection(ProjectConfigurationPlatforms) = postSolution
		{DFB75970-0CAD-45A0-96E2-17FD8BBE9439}.Debug|Any CPU.ActiveCfg = Debug|Any CPU
		{DFB75970-0CAD-45A0-96E2-17FD8BBE9439}.Debug|Any CPU.Build.0 = Debug|Any CPU
		{DFB75970-0CAD-45A0-96E2-17FD8BBE9439}.Debug|Any CPU.Deploy.0 = Debug|Any CPU
		{DFB75970-0CAD-45A0-96E2-17FD8BBE9439}.Release|Any CPU.ActiveCfg = Release|Any CPU
		{DFB75970-0CAD-45A0-96E2-17FD8BBE9439}.Release|Any CPU.Build.0 = Release|Any CPU
		{DFB75970-0CAD-45A0-96E2-17FD8BBE9439}.Release|Any CPU.Deploy.0 = Release|Any CPU
		{4548C806-3AED-4834-A72C-978AF9A488F1}.Debug|Any CPU.ActiveCfg = Debug|Any CPU
		{4548C806-3AED-4834-A72C-978AF9A488F1}.Debug|Any CPU.Build.0 = Debug|Any CPU
		{4548C806-3AED-4834-A72C-978AF9A488F1}.Release|Any CPU.ActiveCfg = Release|Any CPU
		{4548C806-3AED-4834-A72C-978AF9A488F1}.Release|Any CPU.Build.0 = Release|Any CPU
		{E5891E5A-E7F1-475E-AF22-A4E116E68DC1}.Debug|Any CPU.ActiveCfg = Debug|Any CPU
		{E5891E5A-E7F1-475E-AF22-A4E116E68DC1}.Debug|Any CPU.Build.0 = Debug|Any CPU
		{E5891E5A-E7F1-475E-AF22-A4E116E68DC1}.Release|Any CPU.ActiveCfg = Release|Any CPU
		{E5891E5A-E7F1-475E-AF22-A4E116E68DC1}.Release|Any CPU.Build.0 = Release|Any CPU
		{1BE046DD-7D67-4BA8-91E1-76C7BA0BC9DA}.Debug|Any CPU.ActiveCfg = Debug|Any CPU
		{1BE046DD-7D67-4BA8-91E1-76C7BA0BC9DA}.Debug|Any CPU.Build.0 = Debug|Any CPU
		{1BE046DD-7D67-4BA8-91E1-76C7BA0BC9DA}.Release|Any CPU.ActiveCfg = Release|Any CPU
		{1BE046DD-7D67-4BA8-91E1-76C7BA0BC9DA}.Release|Any CPU.Build.0 = Release|Any CPU
		{0B545915-9337-4DF7-A149-A09EBA73C953}.Debug|Any CPU.ActiveCfg = Debug|Any CPU
		{0B545915-9337-4DF7-A149-A09EBA73C953}.Debug|Any CPU.Build.0 = Debug|Any CPU
		{0B545915-9337-4DF7-A149-A09EBA73C953}.Release|Any CPU.ActiveCfg = Release|Any CPU
		{0B545915-9337-4DF7-A149-A09EBA73C953}.Release|Any CPU.Build.0 = Release|Any CPU
		{5CF22B68-8CD7-4391-8F4C-DEAA6F1B335B}.Debug|Any CPU.ActiveCfg = Debug|Any CPU
		{5CF22B68-8CD7-4391-8F4C-DEAA6F1B335B}.Debug|Any CPU.Build.0 = Debug|Any CPU
		{5CF22B68-8CD7-4391-8F4C-DEAA6F1B335B}.Release|Any CPU.ActiveCfg = Release|Any CPU
		{5CF22B68-8CD7-4391-8F4C-DEAA6F1B335B}.Release|Any CPU.Build.0 = Release|Any CPU
		{A2138762-A37C-4F90-89B3-07DFA4FFBC52}.Debug|Any CPU.ActiveCfg = Debug|Any CPU
		{A2138762-A37C-4F90-89B3-07DFA4FFBC52}.Debug|Any CPU.Build.0 = Debug|Any CPU
		{A2138762-A37C-4F90-89B3-07DFA4FFBC52}.Release|Any CPU.ActiveCfg = Release|Any CPU
		{A2138762-A37C-4F90-89B3-07DFA4FFBC52}.Release|Any CPU.Build.0 = Release|Any CPU
	EndGlobalSection
	GlobalSection(SolutionProperties) = preSolution
		HideSolutionNode = FALSE
	EndGlobalSection
	GlobalSection(NestedProjects) = preSolution
		{1BE046DD-7D67-4BA8-91E1-76C7BA0BC9DA} = {B2A9D831-A558-44DB-BAA0-C21ADD2F676A}
		{0B545915-9337-4DF7-A149-A09EBA73C953} = {B2A9D831-A558-44DB-BAA0-C21ADD2F676A}
		{A2138762-A37C-4F90-89B3-07DFA4FFBC52} = {B2A9D831-A558-44DB-BAA0-C21ADD2F676A}
	EndGlobalSection
	GlobalSection(ExtensibilityGlobals) = postSolution
		SolutionGuid = {35E14453-2EDA-44E4-8BFB-3C95AA21C37A}
	EndGlobalSection
EndGlobal
